
Microsoft Visual Studio Solution File, Format Version 12.00
# Visual Studio Version 17
VisualStudioVersion = 17.4.33110.190
MinimumVisualStudioVersion = 10.0.40219.1
Project("{FAE04EC0-301F-11D3-BF4B-00C04F79EFBC}") = "W1302PreControlBinding", "W1302PreControlBinding\W1302PreControlBinding.csproj", "{FBFB3BFF-2246-4371-BCC5-4C7CCC888B9D}"
EndProject
Global
	GlobalSection(SolutionConfigurationPlatforms) = preSolution
		Debug|Any CPU = Debug|Any CPU
		Release|Any CPU = Release|Any CPU
	EndGlobalSection
	GlobalSection(ProjectConfigurationPlatforms) = postSolution
		{FBFB3BFF-2246-4371-BCC5-4C7CCC888B9D}.Debug|Any CPU.ActiveCfg = Debug|Any CPU
		{FBFB3BFF-2246-4371-BCC5-4C7CCC888B9D}.Debug|Any CPU.Build.0 = Debug|Any CPU
		{FBFB3BFF-2246-4371-BCC5-4C7CCC888B9D}.Release|Any CPU.ActiveCfg = Release|Any CPU
		{FBFB3BFF-2246-4371-BCC5-4C7CCC888B9D}.Release|Any CPU.Build.0 = Release|Any CPU
	EndGlobalSection
	GlobalSection(SolutionProperties) = preSolution
		HideSolutionNode = FALSE
	EndGlobalSection
	GlobalSection(ExtensibilityGlobals) = postSolution
		SolutionGuid = {45A2636E-4992-4E4D-AA14-41FBC9B68D83}
	EndGlobalSection
EndGlobal
